# THIS IS AN AUTOGENERATED FILE. DO NOT EDIT THIS FILE DIRECTLY.
# yarn lockfile v1


bson@~1.0.4:
  version "1.0.6"
  resolved "https://registry.yarnpkg.com/bson/-/bson-1.0.6.tgz#444db59ddd4c24f0cb063aabdc5c8c7b0ceca912"

csvtojson@^1.1.9:
  version "1.1.9"
  resolved "https://registry.yarnpkg.com/csvtojson/-/csvtojson-1.1.9.tgz#e641ae72f7bc2fa3f9aaf127e021fc89447c1cd1"
  dependencies:
    lodash "^4.17.3"
    strip-bom "1.0.0"

first-chunk-stream@^1.0.0:
  version "1.0.0"
  resolved "https://registry.yarnpkg.com/first-chunk-stream/-/first-chunk-stream-1.0.0.tgz#59bfb50cd905f60d7c394cd3d9acaab4e6ad934e"

is-utf8@^0.2.0:
  version "0.2.1"
  resolved "https://registry.yarnpkg.com/is-utf8/-/is-utf8-0.2.1.tgz#4b0da1442104d1b336340e80797e865cf39f7d72"

lodash@^4.17.3, lodash@^4.17.5:
  version "4.17.5"
  resolved "https://registry.yarnpkg.com/lodash/-/lodash-4.17.5.tgz#99a92d65c0272debe8c96b6057bc8fbfa3bed511"

mongodb-core@3.0.4:
  version "3.0.4"
  resolved "https://registry.yarnpkg.com/mongodb-core/-/mongodb-core-3.0.4.tgz#a3fdf466e697a2f1df87e458e5e2df1c26cc654b"
  dependencies:
    bson "~1.0.4"
    require_optional "^1.0.1"

mongodb@^3.0.4:
  version "3.0.4"
  resolved "https://registry.yarnpkg.com/mongodb/-/mongodb-3.0.4.tgz#ee0c0f7bc565edc5f40ee2d23170e522a8ad2286"
  dependencies:
    mongodb-core "3.0.4"

node-csv@^0.1.2:
  version "0.1.2"
  resolved "https://registry.yarnpkg.com/node-csv/-/node-csv-0.1.2.tgz#ffc86df25f3dc0739020ab15121e2d3033e74700"

require_optional@^1.0.1:
  version "1.0.1"
  resolved "https://registry.yarnpkg.com/require_optional/-/require_optional-1.0.1.tgz#4cf35a4247f64ca3df8c2ef208cc494b1ca8fc2e"
  dependencies:
    resolve-from "^2.0.0"
    semver "^5.1.0"

resolve-from@^2.0.0:
  version "2.0.0"
  resolved "https://registry.yarnpkg.com/resolve-from/-/resolve-from-2.0.0.tgz#9480ab20e94ffa1d9e80a804c7ea147611966b57"

semver@^5.1.0:
  version "5.5.0"
  resolved "https://registry.yarnpkg.com/semver/-/semver-5.5.0.tgz#dc4bbc7a6ca9d916dee5d43516f0092b58f7b8ab"

strip-bom@1.0.0:
  version "1.0.0"
  resolved "https://registry.yarnpkg.com/strip-bom/-/strip-bom-1.0.0.tgz#85b8862f3844b5a6d5ec8467a93598173a36f794"
  dependencies:
    first-chunk-stream "^1.0.0"
    is-utf8 "^0.2.0"
